
Microsoft Visual Studio Solution File, Format Version 11.00
# Visual C# Express 2010
Project("{FAE04EC0-301F-11D3-BF4B-00C04F79EFBC}") = "CityTest", "CityTest\CityTest\CityTest.csproj", "{5A44527D-F871-4B18-B01B-6A715E10467A}"
EndProject
Project("{FAE04EC0-301F-11D3-BF4B-00C04F79EFBC}") = "CityTestContent", "CityTest\CityTestContent\CityTestContent.contentproj", "{A0DFCF4E-0D13-4452-A4AF-0AD5CED2A17A}"
EndProject
Global
	GlobalSection(SolutionConfigurationPlatforms) = preSolution
		Debug|Any CPU = Debug|Any CPU
		Debug|x86 = Debug|x86
		Release|Any CPU = Release|Any CPU
		Release|x86 = Release|x86
	EndGlobalSection
	GlobalSection(ProjectConfigurationPlatforms) = postSolution
		{5A44527D-F871-4B18-B01B-6A715E10467A}.Debug|Any CPU.ActiveCfg = Debug|x86
		{5A44527D-F871-4B18-B01B-6A715E10467A}.Debug|x86.ActiveCfg = Debug|x86
		{5A44527D-F871-4B18-B01B-6A715E10467A}.Debug|x86.Build.0 = Debug|x86
		{5A44527D-F871-4B18-B01B-6A715E10467A}.Release|Any CPU.ActiveCfg = Release|x86
		{5A44527D-F871-4B18-B01B-6A715E10467A}.Release|x86.ActiveCfg = Release|x86
		{5A44527D-F871-4B18-B01B-6A715E10467A}.Release|x86.Build.0 = Release|x86
		{A0DFCF4E-0D13-4452-A4AF-0AD5CED2A17A}.Debug|Any CPU.ActiveCfg = Debug|x86
		{A0DFCF4E-0D13-4452-A4AF-0AD5CED2A17A}.Debug|x86.ActiveCfg = Debug|x86
		{A0DFCF4E-0D13-4452-A4AF-0AD5CED2A17A}.Release|Any CPU.ActiveCfg = Release|x86
		{A0DFCF4E-0D13-4452-A4AF-0AD5CED2A17A}.Release|x86.ActiveCfg = Release|x86
	EndGlobalSection
	GlobalSection(SolutionProperties) = preSolution
		HideSolutionNode = FALSE
	EndGlobalSection
EndGlobal
